
Microsoft Visual Studio Solution File, Format Version 12.00
# Visual Studio Version 17
VisualStudioVersion = 17.10.35122.118
MinimumVisualStudioVersion = 10.0.40219.1
Project("{9A19103F-16F7-4668-BE54-9A1E7A4F7556}") = "RuffysCulturesFlags", "RuffysCulturesFlags\RuffysCulturesFlags.csproj", "{508B88C3-0430-4FEB-9C8B-7E06D1D1869D}"
EndProject
Global
	GlobalSection(SolutionConfigurationPlatforms) = preSolution
		Debug|Any CPU = Debug|Any CPU
		Debug|arm64 = Debug|arm64
		Debug|x64 = Debug|x64
		Debug|x86 = Debug|x86
		Release|Any CPU = Release|Any CPU
		Release|arm64 = Release|arm64
		Release|x64 = Release|x64
		Release|x86 = Release|x86
	EndGlobalSection
	GlobalSection(ProjectConfigurationPlatforms) = postSolution
		{508B88C3-0430-4FEB-9C8B-7E06D1D1869D}.Debug|Any CPU.ActiveCfg = Debug|Any CPU
		{508B88C3-0430-4FEB-9C8B-7E06D1D1869D}.Debug|Any CPU.Build.0 = Debug|Any CPU
		{508B88C3-0430-4FEB-9C8B-7E06D1D1869D}.Debug|arm64.ActiveCfg = Debug|Any CPU
		{508B88C3-0430-4FEB-9C8B-7E06D1D1869D}.Debug|arm64.Build.0 = Debug|Any CPU
		{508B88C3-0430-4FEB-9C8B-7E06D1D1869D}.Debug|x64.ActiveCfg = Debug|Any CPU
		{508B88C3-0430-4FEB-9C8B-7E06D1D1869D}.Debug|x64.Build.0 = Debug|Any CPU
		{508B88C3-0430-4FEB-9C8B-7E06D1D1869D}.Debug|x86.ActiveCfg = Debug|Any CPU
		{508B88C3-0430-4FEB-9C8B-7E06D1D1869D}.Debug|x86.Build.0 = Debug|Any CPU
		{508B88C3-0430-4FEB-9C8B-7E06D1D1869D}.Release|Any CPU.ActiveCfg = Release|Any CPU
		{508B88C3-0430-4FEB-9C8B-7E06D1D1869D}.Release|Any CPU.Build.0 = Release|Any CPU
		{508B88C3-0430-4FEB-9C8B-7E06D1D1869D}.Release|arm64.ActiveCfg = Release|Any CPU
		{508B88C3-0430-4FEB-9C8B-7E06D1D1869D}.Release|arm64.Build.0 = Release|Any CPU
		{508B88C3-0430-4FEB-9C8B-7E06D1D1869D}.Release|x64.ActiveCfg = Release|Any CPU
		{508B88C3-0430-4FEB-9C8B-7E06D1D1869D}.Release|x64.Build.0 = Release|Any CPU
		{508B88C3-0430-4FEB-9C8B-7E06D1D1869D}.Release|x86.ActiveCfg = Release|Any CPU
		{508B88C3-0430-4FEB-9C8B-7E06D1D1869D}.Release|x86.Build.0 = Release|Any CPU
	EndGlobalSection
	GlobalSection(SolutionProperties) = preSolution
		HideSolutionNode = FALSE
	EndGlobalSection
	GlobalSection(ExtensibilityGlobals) = postSolution
		SolutionGuid = {F1712E5B-209C-4420-A0F7-76543845D9A0}
	EndGlobalSection
EndGlobal
